// !$*UTF8*$!
{
	archiveVersion = 1;
	classes = {
	};
	objectVersion = 46;
	objects = {

/* Begin PBXBuildFile section */
		B69114AE1D61EB57002BB2FE /* AppDelegate.swift in Sources */ = {isa = PBXBuildFile; fileRef = B69114AD1D61EB57002BB2FE /* AppDelegate.swift */; };
		B69114B21D61EB57002BB2FE /* GameScene.swift in Sources */ = {isa = PBXBuildFile; fileRef = B69114B11D61EB57002BB2FE /* GameScene.swift */; };
		B69114B41D61EB57002BB2FE /* GameViewController.swift in Sources */ = {isa = PBXBuildFile; fileRef = B69114B31D61EB57002BB2FE /* GameViewController.swift */; };
		B69114B71D61EB57002BB2FE /* Main.storyboard in Resources */ = {isa = PBXBuildFile; fileRef = B69114B51D61EB57002BB2FE /* Main.storyboard */; };
		B69114B91D61EB57002BB2FE /* Assets.xcassets in Resources */ = {isa = PBXBuildFile; fileRef = B69114B81D61EB57002BB2FE /* Assets.xcassets */; };
		B69114BC1D61EB57002BB2FE /* LaunchScreen.storyboard in Resources */ = {isa = PBXBuildFile; fileRef = B69114BA1D61EB57002BB2FE /* LaunchScreen.storyboard */; };
		B69114C41D6214A4002BB2FE /* MyUtils.swift in Sources */ = {isa = PBXBuildFile; fileRef = B69114C31D6214A4002BB2FE /* MyUtils.swift */; };
/* End PBXBuildFile section */

/* Begin PBXFileReference section */
		B69114AA1D61EB57002BB2FE /* ZombieConga.app */ = {isa = PBXFileReference; explicitFileType = wrapper.application; includeInIndex = 0; path = ZombieConga.app; sourceTree = BUILT_PRODUCTS_DIR; };
		B69114AD1D61EB57002BB2FE /* AppDelegate.swift */ = {isa = PBXFileReference; lastKnownFileType = sourcecode.swift; path = AppDelegate.swift; sourceTree = "<group>"; };
		B69114B11D61EB57002BB2FE /* GameScene.swift */ = {isa = PBXFileReference; lastKnownFileType = sourcecode.swift; path = GameScene.swift; sourceTree = "<group>"; };
		B69114B31D61EB57002BB2FE /* GameViewController.swift */ = {isa = PBXFileReference; lastKnownFileType = sourcecode.swift; path = GameViewController.swift; sourceTree = "<group>"; };
		B69114B61D61EB57002BB2FE /* Base */ = {isa = PBXFileReference; lastKnownFileType = file.storyboard; name = Base; path = Base.lproj/Main.storyboard; sourceTree = "<group>"; };
		B69114B81D61EB57002BB2FE /* Assets.xcassets */ = {isa = PBXFileReference; lastKnownFileType = folder.assetcatalog; path = Assets.xcassets; sourceTree = "<group>"; };
		B69114BB1D61EB57002BB2FE /* Base */ = {isa = PBXFileReference; lastKnownFileType = file.storyboard; name = Base; path = Base.lproj/LaunchScreen.storyboard; sourceTree = "<group>"; };
		B69114BD1D61EB57002BB2FE /* Info.plist */ = {isa = PBXFileReference; lastKnownFileType = text.plist.xml; path = Info.plist; sourceTree = "<group>"; };
		B69114C31D6214A4002BB2FE /* MyUtils.swift */ = {isa = PBXFileReference; fileEncoding = 4; lastKnownFileType = sourcecode.swift; path = MyUtils.swift; sourceTree = "<group>"; };
/* End PBXFileReference section */

/* Begin PBXFrameworksBuildPhase section */
		B69114A71D61EB57002BB2FE /* Frameworks */ = {
			isa = PBXFrameworksBuildPhase;
			buildActionMask = 2147483647;
			files = (
			);
			runOnlyForDeploymentPostprocessing = 0;
		};
/* End PBXFrameworksBuildPhase section */

/* Begin PBXGroup section */
		B69114A11D61EB57002BB2FE = {
			isa = PBXGroup;
			children = (
				B69114AC1D61EB57002BB2FE /* ZombieConga */,
				B69114AB1D61EB57002BB2FE /* Products */,
			);
			sourceTree = "<group>";
		};
		B69114AB1D61EB57002BB2FE /* Products */ = {
			isa = PBXGroup;
			children = (
				B69114AA1D61EB57002BB2FE /* ZombieConga.app */,
			);
			name = Products;
			sourceTree = "<group>";
		};
		B69114AC1D61EB57002BB2FE /* ZombieConga */ = {
			isa = PBXGroup;
			children = (
				B69114AD1D61EB57002BB2FE /* AppDelegate.swift */,
				B69114B11D61EB57002BB2FE /* GameScene.swift */,
				B69114B31D61EB57002BB2FE /* GameViewController.swift */,
				B69114B51D61EB57002BB2FE /* Main.storyboard */,
				B69114B81D61EB57002BB2FE /* Assets.xcassets */,
				B69114BA1D61EB57002BB2FE /* LaunchScreen.storyboard */,
				B69114BD1D61EB57002BB2FE /* Info.plist */,
				B69114C31D6214A4002BB2FE /* MyUtils.swift */,
			);
			path = ZombieConga;
			sourceTree = "<group>";
		};
/* End PBXGroup section */

/* Begin PBXNativeTarget section */
		B69114A91D61EB57002BB2FE /* ZombieConga */ = {
			isa = PBXNativeTarget;
			buildConfigurationList = B69114C01D61EB57002BB2FE /* Build configuration list for PBXNativeTarget "ZombieConga" */;
			buildPhases = (
				B69114A61D61EB57002BB2FE /* Sources */,
				B69114A71D61EB57002BB2FE /* Frameworks */,
				B69114A81D61EB57002BB2FE /* Resources */,
			);
			buildRules = (
			);
			dependencies = (
			);
			name = ZombieConga;
			productName = ZombieConga;
			productReference = B69114AA1D61EB57002BB2FE /* ZombieConga.app */;
			productType = "com.apple.product-type.application";
		};
/* End PBXNativeTarget section */

/* Begin PBXProject section */
		B69114A21D61EB57002BB2FE /* Project object */ = {
			isa = PBXProject;
			attributes = {
				LastSwiftUpdateCheck = 0730;
				LastUpgradeCheck = 0730;
				ORGANIZATIONNAME = "Thanh Luu";
				TargetAttributes = {
					B69114A91D61EB57002BB2FE = {
						CreatedOnToolsVersion = 7.3.1;
					};
				};
			};
			buildConfigurationList = B69114A51D61EB57002BB2FE /* Build configuration list for PBXProject "ZombieConga" */;
			compatibilityVersion = "Xcode 3.2";
			developmentRegion = English;
			hasScannedForEncodings = 0;
			knownRegions = (
				en,
				Base,
			);
			mainGroup = B69114A11D61EB57002BB2FE;
			productRefGroup = B69114AB1D61EB57002BB2FE /* Products */;
			projectDirPath = "";
			projectRoot = "";
			targets = (
				B69114A91D61EB57002BB2FE /* ZombieConga */,
			);
		};
/* End PBXProject section */

/* Begin PBXResourcesBuildPhase section */
		B69114A81D61EB57002BB2FE /* Resources */ = {
			isa = PBXResourcesBuildPhase;
			buildActionMask = 2147483647;
			files = (
				B69114BC1D61EB57002BB2FE /* LaunchScreen.storyboard in Resources */,
				B69114B91D61EB57002BB2FE /* Assets.xcassets in Resources */,
				B69114B71D61EB57002BB2FE /* Main.storyboard in Resources */,
			);
			runOnlyForDeploymentPostprocessing = 0;
		};
/* End PBXResourcesBuildPhase section */

/* Begin PBXSourcesBuildPhase section */
		B69114A61D61EB57002BB2FE /* Sources */ = {
			isa = PBXSourcesBuildPhase;
			buildActionMask = 2147483647;
			files = (
				B69114B21D61EB57002BB2FE /* GameScene.swift in Sources */,
				B69114B41D61EB57002BB2FE /* GameViewController.swift in Sources */,
				B69114AE1D61EB57002BB2FE /* AppDelegate.swift in Sources */,
				B69114C41D6214A4002BB2FE /* MyUtils.swift in Sources */,
			);
			runOnlyForDeploymentPostprocessing = 0;
		};
/* End PBXSourcesBuildPhase section */

/* Begin PBXVariantGroup section */
		B69114B51D61EB57002BB2FE /* Main.storyboard */ = {
			isa = PBXVariantGroup;
			children = (
				B69114B61D61EB57002BB2FE /* Base */,
			);
			name = Main.storyboard;
			sourceTree = "<group>";
		};
		B69114BA1D61EB57002BB2FE /* LaunchScreen.storyboard */ = {
			isa = PBXVariantGroup;
			children = (
				B69114BB1D61EB57002BB2FE /* Base */,
			);
			name = LaunchScreen.storyboard;
			sourceTree = "<group>";
		};
/* End PBXVariantGroup section */

/* Begin XCBuildConfiguration section */
		B69114BE1D61EB57002BB2FE /* Debug */ = {
			isa = XCBuildConfiguration;
			buildSettings = {
				ALWAYS_SEARCH_USER_PATHS = NO;
				CLANG_ANALYZER_NONNULL = YES;
				CLANG_CXX_LANGUAGE_STANDARD = "gnu++0x";
				CLANG_CXX_LIBRARY = "libc++";
				CLANG_ENABLE_MODULES = YES;
				CLANG_ENABLE_OBJC_ARC = YES;
				CLANG_WARN_BOOL_CONVERSION = YES;
				CLANG_WARN_CONSTANT_CONVERSION = YES;
				CLANG_WARN_DIRECT_OBJC_ISA_USAGE = YES_ERROR;
				CLANG_WARN_EMPTY_BODY = YES;
				CLANG_WARN_ENUM_CONVERSION = YES;
				CLANG_WARN_INT_CONVERSION = YES;
				CLANG_WARN_OBJC_ROOT_CLASS = YES_ERROR;
				CLANG_WARN_UNREACHABLE_CODE = YES;
				CLANG_WARN__DUPLICATE_METHOD_MATCH = YES;
				"CODE_SIGN_IDENTITY[sdk=iphoneos*]" = "iPhone Developer";
				COPY_PHASE_STRIP = NO;
				DEBUG_INFORMATION_FORMAT = "dwarf-with-dsym";
				ENABLE_STRICT_OBJC_MSGSEND = YES;
				ENABLE_TESTABILITY = YES;
				GCC_C_LANGUAGE_STANDARD = gnu99;
				GCC_DYNAMIC_NO_PIC = NO;
				GCC_NO_COMMON_BLOCKS = YES;
				GCC_OPTIMIZATION_LEVEL = 0;
				GCC_PREPROCESSOR_DEFINITIONS = (
					"DEBUG=1",
					"$(inherited)",
				);
				GCC_WARN_64_TO_32_BIT_CONVERSION = YES;
				GCC_WARN_ABOUT_RETURN_TYPE = YES_ERROR;
				GCC_WARN_UNDECLARED_SELECTOR = YES;
				GCC_WARN_UNINITIALIZED_AUTOS = YES_AGGRESSIVE;
				GCC_WARN_UNUSED_FUNCTION = YES;
				GCC_WARN_UNUSED_VARIABLE = YES;
				IPHONEOS_DEPLOYMENT_TARGET = 9.3;
				MTL_ENABLE_DEBUG_INFO = YES;
				ONLY_ACTIVE_ARCH = YES;
				SDKROOT = iphoneos;
				SWIFT_OPTIMIZATION_LEVEL = "-Onone";
				TARGETED_DEVICE_FAMILY = "1,2";
			};
			name = Debug;
		};
		B69114BF1D61EB57002BB2FE /* Release */ = {
			isa = XCBuildConfiguration;
			buildSettings = {
				ALWAYS_SEARCH_USER_PATHS = NO;
				CLANG_ANALYZER_NONNULL = YES;
				CLANG_CXX_LANGUAGE_STANDARD = "gnu++0x";
				CLANG_CXX_LIBRARY = "libc++";
				CLANG_ENABLE_MODULES = YES;
				CLANG_ENABLE_OBJC_ARC = YES;
				CLANG_WARN_BOOL_CONVERSION = YES;
				CLANG_WARN_CONSTANT_CONVERSION = YES;
				CLANG_WARN_DIRECT_OBJC_ISA_USAGE = YES_ERROR;
				CLANG_WARN_EMPTY_BODY = YES;
				CLANG_WARN_ENUM_CONVERSION = YES;
				CLANG_WARN_INT_CONVERSION = YES;
				CLANG_WARN_OBJC_ROOT_CLASS = YES_ERROR;
				CLANG_WARN_UNREACHABLE_CODE = YES;
				CLANG_WARN__DUPLICATE_METHOD_MATCH = YES;
				"CODE_SIGN_IDENTITY[sdk=iphoneos*]" = "iPhone Developer";
				COPY_PHASE_STRIP = NO;
				DEBUG_INFORMATION_FORMAT = "dwarf-with-dsym";
				ENABLE_NS_ASSERTIONS = NO;
				ENABLE_STRICT_OBJC_MSGSEND = YES;
				GCC_C_LANGUAGE_STANDARD = gnu99;
				GCC_NO_COMMON_BLOCKS = YES;
				GCC_WARN_64_TO_32_BIT_CONVERSION = YES;
				GCC_WARN_ABOUT_RETURN_TYPE = YES_ERROR;
				GCC_WARN_UNDECLARED_SELECTOR = YES;
				GCC_WARN_UNINITIALIZED_AUTOS = YES_AGGRESSIVE;
				GCC_WARN_UNUSED_FUNCTION = YES;
				GCC_WARN_UNUSED_VARIABLE = YES;
				IPHONEOS_DEPLOYMENT_TARGET = 9.3;
				MTL_ENABLE_DEBUG_INFO = NO;
				SDKROOT = iphoneos;
				TARGETED_DEVICE_FAMILY = "1,2";
				VALIDATE_PRODUCT = YES;
			};
			name = Release;
		};
		B69114C11D61EB57002BB2FE /* Debug */ = {
			isa = XCBuildConfiguration;
			buildSettings = {
				ASSETCATALOG_COMPILER_APPICON_NAME = AppIcon;
				INFOPLIST_FILE = ZombieConga/Info.plist;
				LD_RUNPATH_SEARCH_PATHS = "$(inherited) @executable_path/Frameworks";
				PRODUCT_BUNDLE_IDENTIFIER = com.thanhlt.ZombieConga;
				PRODUCT_NAME = "$(TARGET_NAME)";
			};
			name = Debug;
		};
		B69114C21D61EB57002BB2FE /* Release */ = {
			isa = XCBuildConfiguration;
			buildSettings = {
				ASSETCATALOG_COMPILER_APPICON_NAME = AppIcon;
				INFOPLIST_FILE = ZombieConga/Info.plist;
				LD_RUNPATH_SEARCH_PATHS = "$(inherited) @executable_path/Frameworks";
				PRODUCT_BUNDLE_IDENTIFIER = com.thanhlt.ZombieConga;
				PRODUCT_NAME = "$(TARGET_NAME)";
			};
			name = Release;
		};
/* End XCBuildConfiguration section */

/* Begin XCConfigurationList section */
		B69114A51D61EB57002BB2FE /* Build configuration list for PBXProject "ZombieConga" */ = {
			isa = XCConfigurationList;
			buildConfigurations = (
				B69114BE1D61EB57002BB2FE /* Debug */,
				B69114BF1D61EB57002BB2FE /* Release */,
			);
			defaultConfigurationIsVisible = 0;
			defaultConfigurationName = Release;
		};
		B69114C01D61EB57002BB2FE /* Build configuration list for PBXNativeTarget "ZombieConga" */ = {
			isa = XCConfigurationList;
			buildConfigurations = (
				B69114C11D61EB57002BB2FE /* Debug */,
				B69114C21D61EB57002BB2FE /* Release */,
			);
			defaultConfigurationIsVisible = 0;
		};
/* End XCConfigurationList section */
	};
	rootObject = B69114A21D61EB57002BB2FE /* Project object */;
}
